// !$*UTF8*$!
{
	archiveVersion = 1;
	classes = {
	};
	objectVersion = 50;
	objects = {

/* Begin PBXBuildFile section */
		032B950B242036B2002B1563 /* DetailResponse.swift in Sources */ = {isa = PBXBuildFile; fileRef = 032B950A242036B2002B1563 /* DetailResponse.swift */; };
		032B950D2420513B002B1563 /* ReviewCell.swift in Sources */ = {isa = PBXBuildFile; fileRef = 032B950C2420513B002B1563 /* ReviewCell.swift */; };
		032B950F24205A13002B1563 /* ReviewCellViewModel.swift in Sources */ = {isa = PBXBuildFile; fileRef = 032B950E24205A13002B1563 /* ReviewCellViewModel.swift */; };
		032B951124206665002B1563 /* Cache.swift in Sources */ = {isa = PBXBuildFile; fileRef = 032B951024206665002B1563 /* Cache.swift */; };
		033A224E2421A5DA00852276 /* AlertHelper.swift in Sources */ = {isa = PBXBuildFile; fileRef = 033A224D2421A5DA00852276 /* AlertHelper.swift */; };
		033C54FC2419B331007C1E19 /* AppDelegate.swift in Sources */ = {isa = PBXBuildFile; fileRef = 033C54FB2419B331007C1E19 /* AppDelegate.swift */; };
		033C54FE2419B331007C1E19 /* SceneDelegate.swift in Sources */ = {isa = PBXBuildFile; fileRef = 033C54FD2419B331007C1E19 /* SceneDelegate.swift */; };
		033C55052419B334007C1E19 /* Assets.xcassets in Resources */ = {isa = PBXBuildFile; fileRef = 033C55042419B334007C1E19 /* Assets.xcassets */; };
		033C55082419B334007C1E19 /* LaunchScreen.storyboard in Resources */ = {isa = PBXBuildFile; fileRef = 033C55062419B334007C1E19 /* LaunchScreen.storyboard */; };
		033C55222419B584007C1E19 /* BaseViewController.swift in Sources */ = {isa = PBXBuildFile; fileRef = 033C55212419B584007C1E19 /* BaseViewController.swift */; };
		033C55282419B847007C1E19 /* PlaceTableViewCell.swift in Sources */ = {isa = PBXBuildFile; fileRef = 033C55262419B847007C1E19 /* PlaceTableViewCell.swift */; };
		033C55292419B847007C1E19 /* PlaceTableViewCell.xib in Resources */ = {isa = PBXBuildFile; fileRef = 033C55272419B847007C1E19 /* PlaceTableViewCell.xib */; };
		033C552C2419B866007C1E19 /* ReviewTableViewCell.swift in Sources */ = {isa = PBXBuildFile; fileRef = 033C552A2419B866007C1E19 /* ReviewTableViewCell.swift */; };
		033C552D2419B866007C1E19 /* ReviewTableViewCell.xib in Resources */ = {isa = PBXBuildFile; fileRef = 033C552B2419B866007C1E19 /* ReviewTableViewCell.xib */; };
		033C55332419BDB2007C1E19 /* CellViewModel.swift in Sources */ = {isa = PBXBuildFile; fileRef = 033C55322419BDB2007C1E19 /* CellViewModel.swift */; };
		033C55392419C1F5007C1E19 /* PlaceCell.swift in Sources */ = {isa = PBXBuildFile; fileRef = 033C55382419C1F5007C1E19 /* PlaceCell.swift */; };
		033C553B2419C424007C1E19 /* PlaceCellViewModel.swift in Sources */ = {isa = PBXBuildFile; fileRef = 033C553A2419C424007C1E19 /* PlaceCellViewModel.swift */; };
		036868B22422E8E2000C1A45 /* LocationModel.swift in Sources */ = {isa = PBXBuildFile; fileRef = 036868B12422E8E2000C1A45 /* LocationModel.swift */; };
		036868B42423010D000C1A45 /* RequestLocation.swift in Sources */ = {isa = PBXBuildFile; fileRef = 036868B32423010D000C1A45 /* RequestLocation.swift */; };
		036FFFD1241C402C00934F66 /* PlaceModelTests.swift in Sources */ = {isa = PBXBuildFile; fileRef = 036FFFD0241C402C00934F66 /* PlaceModelTests.swift */; };
		036FFFD4241C503300934F66 /* ThreadHelper.swift in Sources */ = {isa = PBXBuildFile; fileRef = 036FFFD3241C503300934F66 /* ThreadHelper.swift */; };
		036FFFD7241D006B00934F66 /* PlaceListViewController.swift in Sources */ = {isa = PBXBuildFile; fileRef = 036FFFD6241D006B00934F66 /* PlaceListViewController.swift */; };
		036FFFDB241D188E00934F66 /* PlaceListViewModel.swift in Sources */ = {isa = PBXBuildFile; fileRef = 036FFFDA241D188E00934F66 /* PlaceListViewModel.swift */; };
		036FFFDE241D213000934F66 /* UIViewExtension.swift in Sources */ = {isa = PBXBuildFile; fileRef = 036FFFDD241D213000934F66 /* UIViewExtension.swift */; };
		036FFFE0241D215700934F66 /* UITableViewExtension.swift in Sources */ = {isa = PBXBuildFile; fileRef = 036FFFDF241D215700934F66 /* UITableViewExtension.swift */; };
		036FFFE3241D87FF00934F66 /* ImageTableViewCell.swift in Sources */ = {isa = PBXBuildFile; fileRef = 036FFFE1241D87FF00934F66 /* ImageTableViewCell.swift */; };
		036FFFE4241D87FF00934F66 /* ImageTableViewCell.xib in Resources */ = {isa = PBXBuildFile; fileRef = 036FFFE2241D87FF00934F66 /* ImageTableViewCell.xib */; };
		036FFFE6241D88D100934F66 /* ImageCell.swift in Sources */ = {isa = PBXBuildFile; fileRef = 036FFFE5241D88D100934F66 /* ImageCell.swift */; };
		036FFFE8241D89EC00934F66 /* ImageCellViewModel.swift in Sources */ = {isa = PBXBuildFile; fileRef = 036FFFE7241D89EC00934F66 /* ImageCellViewModel.swift */; };
		036FFFEA241D8D5700934F66 /* PlaceDetailViewController.swift in Sources */ = {isa = PBXBuildFile; fileRef = 036FFFE9241D8D5700934F66 /* PlaceDetailViewController.swift */; };
		036FFFEC241D8DA600934F66 /* PlaceDetailViewModel.swift in Sources */ = {isa = PBXBuildFile; fileRef = 036FFFEB241D8DA600934F66 /* PlaceDetailViewModel.swift */; };
		03D6E26D241E71CD002AE587 /* Review.swift in Sources */ = {isa = PBXBuildFile; fileRef = 03D6E26C241E71CD002AE587 /* Review.swift */; };
		03DE0C54241ADAE800D5D573 /* Place.swift in Sources */ = {isa = PBXBuildFile; fileRef = 03DE0C53241ADAE800D5D573 /* Place.swift */; };
		03DE0C56241ADB6400D5D573 /* PlaceResponse.swift in Sources */ = {isa = PBXBuildFile; fileRef = 03DE0C55241ADB6400D5D573 /* PlaceResponse.swift */; };
		03DE0C58241ADCC200D5D573 /* Geometry.swift in Sources */ = {isa = PBXBuildFile; fileRef = 03DE0C57241ADCC200D5D573 /* Geometry.swift */; };
		03DE0C5A241ADCE500D5D573 /* Location.swift in Sources */ = {isa = PBXBuildFile; fileRef = 03DE0C59241ADCE500D5D573 /* Location.swift */; };
		03DE0C5C241ADD8A00D5D573 /* OpeningHours.swift in Sources */ = {isa = PBXBuildFile; fileRef = 03DE0C5B241ADD8A00D5D573 /* OpeningHours.swift */; };
		03DE0C5E241ADE2200D5D573 /* Photo.swift in Sources */ = {isa = PBXBuildFile; fileRef = 03DE0C5D241ADE2200D5D573 /* Photo.swift */; };
		03DE0C60241ADF0B00D5D573 /* PlaceModel.swift in Sources */ = {isa = PBXBuildFile; fileRef = 03DE0C5F241ADF0B00D5D573 /* PlaceModel.swift */; };
		03DE0C63241AE43400D5D573 /* RequestPlaces.swift in Sources */ = {isa = PBXBuildFile; fileRef = 03DE0C62241AE43400D5D573 /* RequestPlaces.swift */; };
		03DE0C65241AE47100D5D573 /* RequestImage.swift in Sources */ = {isa = PBXBuildFile; fileRef = 03DE0C64241AE47100D5D573 /* RequestImage.swift */; };
/* End PBXBuildFile section */

/* Begin PBXContainerItemProxy section */
		033C550F2419B335007C1E19 /* PBXContainerItemProxy */ = {
			isa = PBXContainerItemProxy;
			containerPortal = 033C54F02419B331007C1E19 /* Project object */;
			proxyType = 1;
			remoteGlobalIDString = 033C54F72419B331007C1E19;
			remoteInfo = uFood;
		};
/* End PBXContainerItemProxy section */

/* Begin PBXFileReference section */
		032B950A242036B2002B1563 /* DetailResponse.swift */ = {isa = PBXFileReference; lastKnownFileType = sourcecode.swift; path = DetailResponse.swift; sourceTree = "<group>"; };
		032B950C2420513B002B1563 /* ReviewCell.swift */ = {isa = PBXFileReference; lastKnownFileType = sourcecode.swift; path = ReviewCell.swift; sourceTree = "<group>"; };
		032B950E24205A13002B1563 /* ReviewCellViewModel.swift */ = {isa = PBXFileReference; lastKnownFileType = sourcecode.swift; path = ReviewCellViewModel.swift; sourceTree = "<group>"; };
		032B951024206665002B1563 /* Cache.swift */ = {isa = PBXFileReference; lastKnownFileType = sourcecode.swift; path = Cache.swift; sourceTree = "<group>"; };
		033A224D2421A5DA00852276 /* AlertHelper.swift */ = {isa = PBXFileReference; lastKnownFileType = sourcecode.swift; path = AlertHelper.swift; sourceTree = "<group>"; };
		033C54F82419B331007C1E19 /* uFood.app */ = {isa = PBXFileReference; explicitFileType = wrapper.application; includeInIndex = 0; path = uFood.app; sourceTree = BUILT_PRODUCTS_DIR; };
		033C54FB2419B331007C1E19 /* AppDelegate.swift */ = {isa = PBXFileReference; lastKnownFileType = sourcecode.swift; path = AppDelegate.swift; sourceTree = "<group>"; };
		033C54FD2419B331007C1E19 /* SceneDelegate.swift */ = {isa = PBXFileReference; lastKnownFileType = sourcecode.swift; path = SceneDelegate.swift; sourceTree = "<group>"; };
		033C55042419B334007C1E19 /* Assets.xcassets */ = {isa = PBXFileReference; lastKnownFileType = folder.assetcatalog; path = Assets.xcassets; sourceTree = "<group>"; };
		033C55072419B334007C1E19 /* Base */ = {isa = PBXFileReference; lastKnownFileType = file.storyboard; name = Base; path = Base.lproj/LaunchScreen.storyboard; sourceTree = "<group>"; };
		033C55092419B335007C1E19 /* Info.plist */ = {isa = PBXFileReference; lastKnownFileType = text.plist.xml; path = Info.plist; sourceTree = "<group>"; };
		033C550E2419B335007C1E19 /* uFoodTests.xctest */ = {isa = PBXFileReference; explicitFileType = wrapper.cfbundle; includeInIndex = 0; path = uFoodTests.xctest; sourceTree = BUILT_PRODUCTS_DIR; };
		033C55142419B335007C1E19 /* Info.plist */ = {isa = PBXFileReference; lastKnownFileType = text.plist.xml; path = Info.plist; sourceTree = "<group>"; };
		033C55212419B584007C1E19 /* BaseViewController.swift */ = {isa = PBXFileReference; lastKnownFileType = sourcecode.swift; path = BaseViewController.swift; sourceTree = "<group>"; };
		033C55262419B847007C1E19 /* PlaceTableViewCell.swift */ = {isa = PBXFileReference; lastKnownFileType = sourcecode.swift; path = PlaceTableViewCell.swift; sourceTree = "<group>"; };
		033C55272419B847007C1E19 /* PlaceTableViewCell.xib */ = {isa = PBXFileReference; lastKnownFileType = file.xib; path = PlaceTableViewCell.xib; sourceTree = "<group>"; };
		033C552A2419B866007C1E19 /* ReviewTableViewCell.swift */ = {isa = PBXFileReference; lastKnownFileType = sourcecode.swift; path = ReviewTableViewCell.swift; sourceTree = "<group>"; };
		033C552B2419B866007C1E19 /* ReviewTableViewCell.xib */ = {isa = PBXFileReference; lastKnownFileType = file.xib; path = ReviewTableViewCell.xib; sourceTree = "<group>"; };
		033C55322419BDB2007C1E19 /* CellViewModel.swift */ = {isa = PBXFileReference; lastKnownFileType = sourcecode.swift; path = CellViewModel.swift; sourceTree = "<group>"; };
		033C55382419C1F5007C1E19 /* PlaceCell.swift */ = {isa = PBXFileReference; lastKnownFileType = sourcecode.swift; path = PlaceCell.swift; sourceTree = "<group>"; };
		033C553A2419C424007C1E19 /* PlaceCellViewModel.swift */ = {isa = PBXFileReference; lastKnownFileType = sourcecode.swift; path = PlaceCellViewModel.swift; sourceTree = "<group>"; };
		036868B12422E8E2000C1A45 /* LocationModel.swift */ = {isa = PBXFileReference; lastKnownFileType = sourcecode.swift; path = LocationModel.swift; sourceTree = "<group>"; };
		036868B32423010D000C1A45 /* RequestLocation.swift */ = {isa = PBXFileReference; lastKnownFileType = sourcecode.swift; path = RequestLocation.swift; sourceTree = "<group>"; };
		036FFFD0241C402C00934F66 /* PlaceModelTests.swift */ = {isa = PBXFileReference; lastKnownFileType = sourcecode.swift; path = PlaceModelTests.swift; sourceTree = "<group>"; };
		036FFFD3241C503300934F66 /* ThreadHelper.swift */ = {isa = PBXFileReference; lastKnownFileType = sourcecode.swift; path = ThreadHelper.swift; sourceTree = "<group>"; };
		036FFFD6241D006B00934F66 /* PlaceListViewController.swift */ = {isa = PBXFileReference; lastKnownFileType = sourcecode.swift; path = PlaceListViewController.swift; sourceTree = "<group>"; };
		036FFFDA241D188E00934F66 /* PlaceListViewModel.swift */ = {isa = PBXFileReference; lastKnownFileType = sourcecode.swift; path = PlaceListViewModel.swift; sourceTree = "<group>"; };
		036FFFDD241D213000934F66 /* UIViewExtension.swift */ = {isa = PBXFileReference; lastKnownFileType = sourcecode.swift; path = UIViewExtension.swift; sourceTree = "<group>"; };
		036FFFDF241D215700934F66 /* UITableViewExtension.swift */ = {isa = PBXFileReference; lastKnownFileType = sourcecode.swift; path = UITableViewExtension.swift; sourceTree = "<group>"; };
		036FFFE1241D87FF00934F66 /* ImageTableViewCell.swift */ = {isa = PBXFileReference; lastKnownFileType = sourcecode.swift; path = ImageTableViewCell.swift; sourceTree = "<group>"; };
		036FFFE2241D87FF00934F66 /* ImageTableViewCell.xib */ = {isa = PBXFileReference; lastKnownFileType = file.xib; path = ImageTableViewCell.xib; sourceTree = "<group>"; };
		036FFFE5241D88D100934F66 /* ImageCell.swift */ = {isa = PBXFileReference; lastKnownFileType = sourcecode.swift; path = ImageCell.swift; sourceTree = "<group>"; };
		036FFFE7241D89EC00934F66 /* ImageCellViewModel.swift */ = {isa = PBXFileReference; lastKnownFileType = sourcecode.swift; path = ImageCellViewModel.swift; sourceTree = "<group>"; };
		036FFFE9241D8D5700934F66 /* PlaceDetailViewController.swift */ = {isa = PBXFileReference; lastKnownFileType = sourcecode.swift; path = PlaceDetailViewController.swift; sourceTree = "<group>"; };
		036FFFEB241D8DA600934F66 /* PlaceDetailViewModel.swift */ = {isa = PBXFileReference; lastKnownFileType = sourcecode.swift; path = PlaceDetailViewModel.swift; sourceTree = "<group>"; };
		03D6E26C241E71CD002AE587 /* Review.swift */ = {isa = PBXFileReference; lastKnownFileType = sourcecode.swift; path = Review.swift; sourceTree = "<group>"; };
		03DE0C53241ADAE800D5D573 /* Place.swift */ = {isa = PBXFileReference; lastKnownFileType = sourcecode.swift; path = Place.swift; sourceTree = "<group>"; };
		03DE0C55241ADB6400D5D573 /* PlaceResponse.swift */ = {isa = PBXFileReference; lastKnownFileType = sourcecode.swift; path = PlaceResponse.swift; sourceTree = "<group>"; };
		03DE0C57241ADCC200D5D573 /* Geometry.swift */ = {isa = PBXFileReference; lastKnownFileType = sourcecode.swift; path = Geometry.swift; sourceTree = "<group>"; };
		03DE0C59241ADCE500D5D573 /* Location.swift */ = {isa = PBXFileReference; lastKnownFileType = sourcecode.swift; path = Location.swift; sourceTree = "<group>"; };
		03DE0C5B241ADD8A00D5D573 /* OpeningHours.swift */ = {isa = PBXFileReference; lastKnownFileType = sourcecode.swift; path = OpeningHours.swift; sourceTree = "<group>"; };
		03DE0C5D241ADE2200D5D573 /* Photo.swift */ = {isa = PBXFileReference; lastKnownFileType = sourcecode.swift; path = Photo.swift; sourceTree = "<group>"; };
		03DE0C5F241ADF0B00D5D573 /* PlaceModel.swift */ = {isa = PBXFileReference; lastKnownFileType = sourcecode.swift; path = PlaceModel.swift; sourceTree = "<group>"; };
		03DE0C62241AE43400D5D573 /* RequestPlaces.swift */ = {isa = PBXFileReference; lastKnownFileType = sourcecode.swift; path = RequestPlaces.swift; sourceTree = "<group>"; };
		03DE0C64241AE47100D5D573 /* RequestImage.swift */ = {isa = PBXFileReference; lastKnownFileType = sourcecode.swift; path = RequestImage.swift; sourceTree = "<group>"; };
/* End PBXFileReference section */

/* Begin PBXFrameworksBuildPhase section */
		033C54F52419B331007C1E19 /* Frameworks */ = {
			isa = PBXFrameworksBuildPhase;
			buildActionMask = 2147483647;
			files = (
			);
			runOnlyForDeploymentPostprocessing = 0;
		};
		033C550B2419B335007C1E19 /* Frameworks */ = {
			isa = PBXFrameworksBuildPhase;
			buildActionMask = 2147483647;
			files = (
			);
			runOnlyForDeploymentPostprocessing = 0;
		};
/* End PBXFrameworksBuildPhase section */

/* Begin PBXGroup section */
		033C54EF2419B331007C1E19 = {
			isa = PBXGroup;
			children = (
				033C54FA2419B331007C1E19 /* uFood */,
				033C55112419B335007C1E19 /* uFoodTests */,
				033C54F92419B331007C1E19 /* Products */,
			);
			sourceTree = "<group>";
		};
		033C54F92419B331007C1E19 /* Products */ = {
			isa = PBXGroup;
			children = (
				033C54F82419B331007C1E19 /* uFood.app */,
				033C550E2419B335007C1E19 /* uFoodTests.xctest */,
			);
			name = Products;
			sourceTree = "<group>";
		};
		033C54FA2419B331007C1E19 /* uFood */ = {
			isa = PBXGroup;
			children = (
				036FFFDC241D212000934F66 /* Extension */,
				036FFFD8241D0FAC00934F66 /* Delegate */,
				036FFFD5241CFFE700934F66 /* Storyboard */,
				036FFFD2241C500500934F66 /* Helper */,
				03DE0C51241ADA6700D5D573 /* Model */,
				033C55342419C0E4007C1E19 /* ViewModel */,
				033C55242419B7D2007C1E19 /* View */,
				033C55202419B560007C1E19 /* Controller */,
				033C551D2419B3C6007C1E19 /* Protocol */,
				033C55042419B334007C1E19 /* Assets.xcassets */,
				033C55092419B335007C1E19 /* Info.plist */,
			);
			path = uFood;
			sourceTree = "<group>";
		};
		033C55112419B335007C1E19 /* uFoodTests */ = {
			isa = PBXGroup;
			children = (
				036FFFCF241C401300934F66 /* Model */,
				033C55142419B335007C1E19 /* Info.plist */,
			);
			path = uFoodTests;
			sourceTree = "<group>";
		};
		033C551D2419B3C6007C1E19 /* Protocol */ = {
			isa = PBXGroup;
			children = (
				03DE0C61241AE38D00D5D573 /* Model */,
				033C55372419C1DE007C1E19 /* Cell */,
				033C55362419C159007C1E19 /* ViewModel */,
			);
			path = Protocol;
			sourceTree = "<group>";
		};
		033C55202419B560007C1E19 /* Controller */ = {
			isa = PBXGroup;
			children = (
				033C55212419B584007C1E19 /* BaseViewController.swift */,
				036FFFD6241D006B00934F66 /* PlaceListViewController.swift */,
				036FFFE9241D8D5700934F66 /* PlaceDetailViewController.swift */,
			);
			path = Controller;
			sourceTree = "<group>";
		};
		033C55242419B7D2007C1E19 /* View */ = {
			isa = PBXGroup;
			children = (
				033C55252419B7DA007C1E19 /* Cell */,
			);
			path = View;
			sourceTree = "<group>";
		};
		033C55252419B7DA007C1E19 /* Cell */ = {
			isa = PBXGroup;
			children = (
				033C55262419B847007C1E19 /* PlaceTableViewCell.swift */,
				033C55272419B847007C1E19 /* PlaceTableViewCell.xib */,
				033C552A2419B866007C1E19 /* ReviewTableViewCell.swift */,
				033C552B2419B866007C1E19 /* ReviewTableViewCell.xib */,
				036FFFE1241D87FF00934F66 /* ImageTableViewCell.swift */,
				036FFFE2241D87FF00934F66 /* ImageTableViewCell.xib */,
			);
			path = Cell;
			sourceTree = "<group>";
		};
		033C55342419C0E4007C1E19 /* ViewModel */ = {
			isa = PBXGroup;
			children = (
				036FFFD9241D17A300934F66 /* Controller */,
				033C55352419C0EB007C1E19 /* Cell */,
			);
			path = ViewModel;
			sourceTree = "<group>";
		};
		033C55352419C0EB007C1E19 /* Cell */ = {
			isa = PBXGroup;
			children = (
				033C553A2419C424007C1E19 /* PlaceCellViewModel.swift */,
				036FFFE7241D89EC00934F66 /* ImageCellViewModel.swift */,
				032B950E24205A13002B1563 /* ReviewCellViewModel.swift */,
			);
			path = Cell;
			sourceTree = "<group>";
		};
		033C55362419C159007C1E19 /* ViewModel */ = {
			isa = PBXGroup;
			children = (
				033C55322419BDB2007C1E19 /* CellViewModel.swift */,
			);
			path = ViewModel;
			sourceTree = "<group>";
		};
		033C55372419C1DE007C1E19 /* Cell */ = {
			isa = PBXGroup;
			children = (
				033C55382419C1F5007C1E19 /* PlaceCell.swift */,
				036FFFE5241D88D100934F66 /* ImageCell.swift */,
				032B950C2420513B002B1563 /* ReviewCell.swift */,
			);
			path = Cell;
			sourceTree = "<group>";
		};
		036FFFCF241C401300934F66 /* Model */ = {
			isa = PBXGroup;
			children = (
				036FFFD0241C402C00934F66 /* PlaceModelTests.swift */,
			);
			path = Model;
			sourceTree = "<group>";
		};
		036FFFD2241C500500934F66 /* Helper */ = {
			isa = PBXGroup;
			children = (
				036FFFD3241C503300934F66 /* ThreadHelper.swift */,
				032B951024206665002B1563 /* Cache.swift */,
				033A224D2421A5DA00852276 /* AlertHelper.swift */,
			);
			path = Helper;
			sourceTree = "<group>";
		};
		036FFFD5241CFFE700934F66 /* Storyboard */ = {
			isa = PBXGroup;
			children = (
				033C55062419B334007C1E19 /* LaunchScreen.storyboard */,
			);
			path = Storyboard;
			sourceTree = "<group>";
		};
		036FFFD8241D0FAC00934F66 /* Delegate */ = {
			isa = PBXGroup;
			children = (
				033C54FB2419B331007C1E19 /* AppDelegate.swift */,
				033C54FD2419B331007C1E19 /* SceneDelegate.swift */,
			);
			path = Delegate;
			sourceTree = "<group>";
		};
		036FFFD9241D17A300934F66 /* Controller */ = {
			isa = PBXGroup;
			children = (
				036FFFDA241D188E00934F66 /* PlaceListViewModel.swift */,
				036FFFEB241D8DA600934F66 /* PlaceDetailViewModel.swift */,
			);
			path = Controller;
			sourceTree = "<group>";
		};
		036FFFDC241D212000934F66 /* Extension */ = {
			isa = PBXGroup;
			children = (
				036FFFDD241D213000934F66 /* UIViewExtension.swift */,
				036FFFDF241D215700934F66 /* UITableViewExtension.swift */,
			);
			path = Extension;
			sourceTree = "<group>";
		};
		03DE0C51241ADA6700D5D573 /* Model */ = {
			isa = PBXGroup;
			children = (
				03DE0C52241ADA7700D5D573 /* Object */,
				03DE0C5F241ADF0B00D5D573 /* PlaceModel.swift */,
				036868B12422E8E2000C1A45 /* LocationModel.swift */,
			);
			path = Model;
			sourceTree = "<group>";
		};
		03DE0C52241ADA7700D5D573 /* Object */ = {
			isa = PBXGroup;
			children = (
				03DE0C53241ADAE800D5D573 /* Place.swift */,
				03DE0C55241ADB6400D5D573 /* PlaceResponse.swift */,
				03DE0C57241ADCC200D5D573 /* Geometry.swift */,
				03DE0C59241ADCE500D5D573 /* Location.swift */,
				03DE0C5B241ADD8A00D5D573 /* OpeningHours.swift */,
				03DE0C5D241ADE2200D5D573 /* Photo.swift */,
				03D6E26C241E71CD002AE587 /* Review.swift */,
				032B950A242036B2002B1563 /* DetailResponse.swift */,
			);
			path = Object;
			sourceTree = "<group>";
		};
		03DE0C61241AE38D00D5D573 /* Model */ = {
			isa = PBXGroup;
			children = (
				03DE0C62241AE43400D5D573 /* RequestPlaces.swift */,
				03DE0C64241AE47100D5D573 /* RequestImage.swift */,
				036868B32423010D000C1A45 /* RequestLocation.swift */,
			);
			path = Model;
			sourceTree = "<group>";
		};
/* End PBXGroup section */

/* Begin PBXNativeTarget section */
		033C54F72419B331007C1E19 /* uFood */ = {
			isa = PBXNativeTarget;
			buildConfigurationList = 033C55172419B335007C1E19 /* Build configuration list for PBXNativeTarget "uFood" */;
			buildPhases = (
				033C54F42419B331007C1E19 /* Sources */,
				033C54F52419B331007C1E19 /* Frameworks */,
				033C54F62419B331007C1E19 /* Resources */,
			);
			buildRules = (
			);
			dependencies = (
			);
			name = uFood;
			productName = uFood;
			productReference = 033C54F82419B331007C1E19 /* uFood.app */;
			productType = "com.apple.product-type.application";
		};
		033C550D2419B335007C1E19 /* uFoodTests */ = {
			isa = PBXNativeTarget;
			buildConfigurationList = 033C551A2419B335007C1E19 /* Build configuration list for PBXNativeTarget "uFoodTests" */;
			buildPhases = (
				033C550A2419B335007C1E19 /* Sources */,
				033C550B2419B335007C1E19 /* Frameworks */,
				033C550C2419B335007C1E19 /* Resources */,
			);
			buildRules = (
			);
			dependencies = (
				033C55102419B335007C1E19 /* PBXTargetDependency */,
			);
			name = uFoodTests;
			productName = uFoodTests;
			productReference = 033C550E2419B335007C1E19 /* uFoodTests.xctest */;
			productType = "com.apple.product-type.bundle.unit-test";
		};
/* End PBXNativeTarget section */

/* Begin PBXProject section */
		033C54F02419B331007C1E19 /* Project object */ = {
			isa = PBXProject;
			attributes = {
				LastSwiftUpdateCheck = 1130;
				LastUpgradeCheck = 1130;
				ORGANIZATIONNAME = Elano;
				TargetAttributes = {
					033C54F72419B331007C1E19 = {
						CreatedOnToolsVersion = 11.3.1;
					};
					033C550D2419B335007C1E19 = {
						CreatedOnToolsVersion = 11.3.1;
						TestTargetID = 033C54F72419B331007C1E19;
					};
				};
			};
			buildConfigurationList = 033C54F32419B331007C1E19 /* Build configuration list for PBXProject "uFood" */;
			compatibilityVersion = "Xcode 9.3";
			developmentRegion = en;
			hasScannedForEncodings = 0;
			knownRegions = (
				en,
				Base,
			);
			mainGroup = 033C54EF2419B331007C1E19;
			productRefGroup = 033C54F92419B331007C1E19 /* Products */;
			projectDirPath = "";
			projectRoot = "";
			targets = (
				033C54F72419B331007C1E19 /* uFood */,
				033C550D2419B335007C1E19 /* uFoodTests */,
			);
		};
/* End PBXProject section */

/* Begin PBXResourcesBuildPhase section */
		033C54F62419B331007C1E19 /* Resources */ = {
			isa = PBXResourcesBuildPhase;
			buildActionMask = 2147483647;
			files = (
				036FFFE4241D87FF00934F66 /* ImageTableViewCell.xib in Resources */,
				033C55082419B334007C1E19 /* LaunchScreen.storyboard in Resources */,
				033C55052419B334007C1E19 /* Assets.xcassets in Resources */,
				033C552D2419B866007C1E19 /* ReviewTableViewCell.xib in Resources */,
				033C55292419B847007C1E19 /* PlaceTableViewCell.xib in Resources */,
			);
			runOnlyForDeploymentPostprocessing = 0;
		};
		033C550C2419B335007C1E19 /* Resources */ = {
			isa = PBXResourcesBuildPhase;
			buildActionMask = 2147483647;
			files = (
			);
			runOnlyForDeploymentPostprocessing = 0;
		};
/* End PBXResourcesBuildPhase section */

/* Begin PBXSourcesBuildPhase section */
		033C54F42419B331007C1E19 /* Sources */ = {
			isa = PBXSourcesBuildPhase;
			buildActionMask = 2147483647;
			files = (
				036FFFD4241C503300934F66 /* ThreadHelper.swift in Sources */,
				032B950D2420513B002B1563 /* ReviewCell.swift in Sources */,
				03DE0C60241ADF0B00D5D573 /* PlaceModel.swift in Sources */,
				03DE0C58241ADCC200D5D573 /* Geometry.swift in Sources */,
				032B950B242036B2002B1563 /* DetailResponse.swift in Sources */,
				03DE0C5C241ADD8A00D5D573 /* OpeningHours.swift in Sources */,
				033C55332419BDB2007C1E19 /* CellViewModel.swift in Sources */,
				036FFFE6241D88D100934F66 /* ImageCell.swift in Sources */,
				036FFFE0241D215700934F66 /* UITableViewExtension.swift in Sources */,
				036FFFE3241D87FF00934F66 /* ImageTableViewCell.swift in Sources */,
				033C552C2419B866007C1E19 /* ReviewTableViewCell.swift in Sources */,
				03D6E26D241E71CD002AE587 /* Review.swift in Sources */,
				033A224E2421A5DA00852276 /* AlertHelper.swift in Sources */,
				036FFFEC241D8DA600934F66 /* PlaceDetailViewModel.swift in Sources */,
				033C55222419B584007C1E19 /* BaseViewController.swift in Sources */,
				032B950F24205A13002B1563 /* ReviewCellViewModel.swift in Sources */,
				033C54FC2419B331007C1E19 /* AppDelegate.swift in Sources */,
				036868B42423010D000C1A45 /* RequestLocation.swift in Sources */,
				03DE0C5A241ADCE500D5D573 /* Location.swift in Sources */,
				03DE0C65241AE47100D5D573 /* RequestImage.swift in Sources */,
				036FFFEA241D8D5700934F66 /* PlaceDetailViewController.swift in Sources */,
				036FFFDB241D188E00934F66 /* PlaceListViewModel.swift in Sources */,
				03DE0C56241ADB6400D5D573 /* PlaceResponse.swift in Sources */,
				036FFFE8241D89EC00934F66 /* ImageCellViewModel.swift in Sources */,
				03DE0C5E241ADE2200D5D573 /* Photo.swift in Sources */,
				033C54FE2419B331007C1E19 /* SceneDelegate.swift in Sources */,
				033C553B2419C424007C1E19 /* PlaceCellViewModel.swift in Sources */,
				033C55282419B847007C1E19 /* PlaceTableViewCell.swift in Sources */,
				032B951124206665002B1563 /* Cache.swift in Sources */,
				036FFFD7241D006B00934F66 /* PlaceListViewController.swift in Sources */,
				033C55392419C1F5007C1E19 /* PlaceCell.swift in Sources */,
				036FFFDE241D213000934F66 /* UIViewExtension.swift in Sources */,
				03DE0C54241ADAE800D5D573 /* Place.swift in Sources */,
				036868B22422E8E2000C1A45 /* LocationModel.swift in Sources */,
				03DE0C63241AE43400D5D573 /* RequestPlaces.swift in Sources */,
			);
			runOnlyForDeploymentPostprocessing = 0;
		};
		033C550A2419B335007C1E19 /* Sources */ = {
			isa = PBXSourcesBuildPhase;
			buildActionMask = 2147483647;
			files = (
				036FFFD1241C402C00934F66 /* PlaceModelTests.swift in Sources */,
			);
			runOnlyForDeploymentPostprocessing = 0;
		};
/* End PBXSourcesBuildPhase section */

/* Begin PBXTargetDependency section */
		033C55102419B335007C1E19 /* PBXTargetDependency */ = {
			isa = PBXTargetDependency;
			target = 033C54F72419B331007C1E19 /* uFood */;
			targetProxy = 033C550F2419B335007C1E19 /* PBXContainerItemProxy */;
		};
/* End PBXTargetDependency section */

/* Begin PBXVariantGroup section */
		033C55062419B334007C1E19 /* LaunchScreen.storyboard */ = {
			isa = PBXVariantGroup;
			children = (
				033C55072419B334007C1E19 /* Base */,
			);
			name = LaunchScreen.storyboard;
			sourceTree = "<group>";
		};
/* End PBXVariantGroup section */

/* Begin XCBuildConfiguration section */
		033C55152419B335007C1E19 /* Debug */ = {
			isa = XCBuildConfiguration;
			buildSettings = {
				ALWAYS_SEARCH_USER_PATHS = NO;
				CLANG_ANALYZER_NONNULL = YES;
				CLANG_ANALYZER_NUMBER_OBJECT_CONVERSION = YES_AGGRESSIVE;
				CLANG_CXX_LANGUAGE_STANDARD = "gnu++14";
				CLANG_CXX_LIBRARY = "libc++";
				CLANG_ENABLE_MODULES = YES;
				CLANG_ENABLE_OBJC_ARC = YES;
				CLANG_ENABLE_OBJC_WEAK = YES;
				CLANG_WARN_BLOCK_CAPTURE_AUTORELEASING = YES;
				CLANG_WARN_BOOL_CONVERSION = YES;
				CLANG_WARN_COMMA = YES;
				CLANG_WARN_CONSTANT_CONVERSION = YES;
				CLANG_WARN_DEPRECATED_OBJC_IMPLEMENTATIONS = YES;
				CLANG_WARN_DIRECT_OBJC_ISA_USAGE = YES_ERROR;
				CLANG_WARN_DOCUMENTATION_COMMENTS = YES;
				CLANG_WARN_EMPTY_BODY = YES;
				CLANG_WARN_ENUM_CONVERSION = YES;
				CLANG_WARN_INFINITE_RECURSION = YES;
				CLANG_WARN_INT_CONVERSION = YES;
				CLANG_WARN_NON_LITERAL_NULL_CONVERSION = YES;
				CLANG_WARN_OBJC_IMPLICIT_RETAIN_SELF = YES;
				CLANG_WARN_OBJC_LITERAL_CONVERSION = YES;
				CLANG_WARN_OBJC_ROOT_CLASS = YES_ERROR;
				CLANG_WARN_RANGE_LOOP_ANALYSIS = YES;
				CLANG_WARN_STRICT_PROTOTYPES = YES;
				CLANG_WARN_SUSPICIOUS_MOVE = YES;
				CLANG_WARN_UNGUARDED_AVAILABILITY = YES_AGGRESSIVE;
				CLANG_WARN_UNREACHABLE_CODE = YES;
				CLANG_WARN__DUPLICATE_METHOD_MATCH = YES;
				COPY_PHASE_STRIP = NO;
				DEBUG_INFORMATION_FORMAT = dwarf;
				ENABLE_STRICT_OBJC_MSGSEND = YES;
				ENABLE_TESTABILITY = YES;
				GCC_C_LANGUAGE_STANDARD = gnu11;
				GCC_DYNAMIC_NO_PIC = NO;
				GCC_NO_COMMON_BLOCKS = YES;
				GCC_OPTIMIZATION_LEVEL = 0;
				GCC_PREPROCESSOR_DEFINITIONS = (
					"DEBUG=1",
					"$(inherited)",
				);
				GCC_WARN_64_TO_32_BIT_CONVERSION = YES;
				GCC_WARN_ABOUT_RETURN_TYPE = YES_ERROR;
				GCC_WARN_UNDECLARED_SELECTOR = YES;
				GCC_WARN_UNINITIALIZED_AUTOS = YES_AGGRESSIVE;
				GCC_WARN_UNUSED_FUNCTION = YES;
				GCC_WARN_UNUSED_VARIABLE = YES;
				IPHONEOS_DEPLOYMENT_TARGET = 13.2;
				MTL_ENABLE_DEBUG_INFO = INCLUDE_SOURCE;
				MTL_FAST_MATH = YES;
				ONLY_ACTIVE_ARCH = YES;
				SDKROOT = iphoneos;
				SWIFT_ACTIVE_COMPILATION_CONDITIONS = DEBUG;
				SWIFT_OPTIMIZATION_LEVEL = "-Onone";
			};
			name = Debug;
		};
		033C55162419B335007C1E19 /* Release */ = {
			isa = XCBuildConfiguration;
			buildSettings = {
				ALWAYS_SEARCH_USER_PATHS = NO;
				CLANG_ANALYZER_NONNULL = YES;
				CLANG_ANALYZER_NUMBER_OBJECT_CONVERSION = YES_AGGRESSIVE;
				CLANG_CXX_LANGUAGE_STANDARD = "gnu++14";
				CLANG_CXX_LIBRARY = "libc++";
				CLANG_ENABLE_MODULES = YES;
				CLANG_ENABLE_OBJC_ARC = YES;
				CLANG_ENABLE_OBJC_WEAK = YES;
				CLANG_WARN_BLOCK_CAPTURE_AUTORELEASING = YES;
				CLANG_WARN_BOOL_CONVERSION = YES;
				CLANG_WARN_COMMA = YES;
				CLANG_WARN_CONSTANT_CONVERSION = YES;
				CLANG_WARN_DEPRECATED_OBJC_IMPLEMENTATIONS = YES;
				CLANG_WARN_DIRECT_OBJC_ISA_USAGE = YES_ERROR;
				CLANG_WARN_DOCUMENTATION_COMMENTS = YES;
				CLANG_WARN_EMPTY_BODY = YES;
				CLANG_WARN_ENUM_CONVERSION = YES;
				CLANG_WARN_INFINITE_RECURSION = YES;
				CLANG_WARN_INT_CONVERSION = YES;
				CLANG_WARN_NON_LITERAL_NULL_CONVERSION = YES;
				CLANG_WARN_OBJC_IMPLICIT_RETAIN_SELF = YES;
				CLANG_WARN_OBJC_LITERAL_CONVERSION = YES;
				CLANG_WARN_OBJC_ROOT_CLASS = YES_ERROR;
				CLANG_WARN_RANGE_LOOP_ANALYSIS = YES;
				CLANG_WARN_STRICT_PROTOTYPES = YES;
				CLANG_WARN_SUSPICIOUS_MOVE = YES;
				CLANG_WARN_UNGUARDED_AVAILABILITY = YES_AGGRESSIVE;
				CLANG_WARN_UNREACHABLE_CODE = YES;
				CLANG_WARN__DUPLICATE_METHOD_MATCH = YES;
				COPY_PHASE_STRIP = NO;
				DEBUG_INFORMATION_FORMAT = "dwarf-with-dsym";
				ENABLE_NS_ASSERTIONS = NO;
				ENABLE_STRICT_OBJC_MSGSEND = YES;
				GCC_C_LANGUAGE_STANDARD = gnu11;
				GCC_NO_COMMON_BLOCKS = YES;
				GCC_WARN_64_TO_32_BIT_CONVERSION = YES;
				GCC_WARN_ABOUT_RETURN_TYPE = YES_ERROR;
				GCC_WARN_UNDECLARED_SELECTOR = YES;
				GCC_WARN_UNINITIALIZED_AUTOS = YES_AGGRESSIVE;
				GCC_WARN_UNUSED_FUNCTION = YES;
				GCC_WARN_UNUSED_VARIABLE = YES;
				IPHONEOS_DEPLOYMENT_TARGET = 13.2;
				MTL_ENABLE_DEBUG_INFO = NO;
				MTL_FAST_MATH = YES;
				SDKROOT = iphoneos;
				SWIFT_COMPILATION_MODE = wholemodule;
				SWIFT_OPTIMIZATION_LEVEL = "-O";
				VALIDATE_PRODUCT = YES;
			};
			name = Release;
		};
		033C55182419B335007C1E19 /* Debug */ = {
			isa = XCBuildConfiguration;
			buildSettings = {
				ASSETCATALOG_COMPILER_APPICON_NAME = AppIcon;
				CODE_SIGN_STYLE = Automatic;
				DEVELOPMENT_TEAM = 5NGU942N6D;
				INFOPLIST_FILE = uFood/Info.plist;
				IPHONEOS_DEPLOYMENT_TARGET = 11.0;
				LD_RUNPATH_SEARCH_PATHS = (
					"$(inherited)",
					"@executable_path/Frameworks",
				);
				PRODUCT_BUNDLE_IDENTIFIER = com.elanovasconcelos.uFood;
				PRODUCT_NAME = "$(TARGET_NAME)";
				SWIFT_VERSION = 5.0;
				TARGETED_DEVICE_FAMILY = 1;
			};
			name = Debug;
		};
		033C55192419B335007C1E19 /* Release */ = {
			isa = XCBuildConfiguration;
			buildSettings = {
				ASSETCATALOG_COMPILER_APPICON_NAME = AppIcon;
				CODE_SIGN_STYLE = Automatic;
				DEVELOPMENT_TEAM = 5NGU942N6D;
				INFOPLIST_FILE = uFood/Info.plist;
				IPHONEOS_DEPLOYMENT_TARGET = 11.0;
				LD_RUNPATH_SEARCH_PATHS = (
					"$(inherited)",
					"@executable_path/Frameworks",
				);
				PRODUCT_BUNDLE_IDENTIFIER = com.elanovasconcelos.uFood;
				PRODUCT_NAME = "$(TARGET_NAME)";
				SWIFT_VERSION = 5.0;
				TARGETED_DEVICE_FAMILY = 1;
			};
			name = Release;
		};
		033C551B2419B335007C1E19 /* Debug */ = {
			isa = XCBuildConfiguration;
			buildSettings = {
				ALWAYS_EMBED_SWIFT_STANDARD_LIBRARIES = YES;
				BUNDLE_LOADER = "$(TEST_HOST)";
				CODE_SIGN_STYLE = Automatic;
				INFOPLIST_FILE = uFoodTests/Info.plist;
				IPHONEOS_DEPLOYMENT_TARGET = 13.2;
				LD_RUNPATH_SEARCH_PATHS = (
					"$(inherited)",
					"@executable_path/Frameworks",
					"@loader_path/Frameworks",
				);
				PRODUCT_BUNDLE_IDENTIFIER = com.elanovasconcelos.uFoodTests;
				PRODUCT_NAME = "$(TARGET_NAME)";
				SWIFT_VERSION = 5.0;
				TARGETED_DEVICE_FAMILY = "1,2";
				TEST_HOST = "$(BUILT_PRODUCTS_DIR)/uFood.app/uFood";
			};
			name = Debug;
		};
		033C551C2419B335007C1E19 /* Release */ = {
			isa = XCBuildConfiguration;
			buildSettings = {
				ALWAYS_EMBED_SWIFT_STANDARD_LIBRARIES = YES;
				BUNDLE_LOADER = "$(TEST_HOST)";
				CODE_SIGN_STYLE = Automatic;
				INFOPLIST_FILE = uFoodTests/Info.plist;
				IPHONEOS_DEPLOYMENT_TARGET = 13.2;
				LD_RUNPATH_SEARCH_PATHS = (
					"$(inherited)",
					"@executable_path/Frameworks",
					"@loader_path/Frameworks",
				);
				PRODUCT_BUNDLE_IDENTIFIER = com.elanovasconcelos.uFoodTests;
				PRODUCT_NAME = "$(TARGET_NAME)";
				SWIFT_VERSION = 5.0;
				TARGETED_DEVICE_FAMILY = "1,2";
				TEST_HOST = "$(BUILT_PRODUCTS_DIR)/uFood.app/uFood";
			};
			name = Release;
		};
/* End XCBuildConfiguration section */

/* Begin XCConfigurationList section */
		033C54F32419B331007C1E19 /* Build configuration list for PBXProject "uFood" */ = {
			isa = XCConfigurationList;
			buildConfigurations = (
				033C55152419B335007C1E19 /* Debug */,
				033C55162419B335007C1E19 /* Release */,
			);
			defaultConfigurationIsVisible = 0;
			defaultConfigurationName = Release;
		};
		033C55172419B335007C1E19 /* Build configuration list for PBXNativeTarget "uFood" */ = {
			isa = XCConfigurationList;
			buildConfigurations = (
				033C55182419B335007C1E19 /* Debug */,
				033C55192419B335007C1E19 /* Release */,
			);
			defaultConfigurationIsVisible = 0;
			defaultConfigurationName = Release;
		};
		033C551A2419B335007C1E19 /* Build configuration list for PBXNativeTarget "uFoodTests" */ = {
			isa = XCConfigurationList;
			buildConfigurations = (
				033C551B2419B335007C1E19 /* Debug */,
				033C551C2419B335007C1E19 /* Release */,
			);
			defaultConfigurationIsVisible = 0;
			defaultConfigurationName = Release;
		};
/* End XCConfigurationList section */
	};
	rootObject = 033C54F02419B331007C1E19 /* Project object */;
}
